// !$*UTF8*$!
{
	archiveVersion = 1;
	classes = {
	};
	objectVersion = 48;
	objects = {

/* Begin PBXBuildFile section */
		31BDDBFB42B28C29858A8F48 /* MainInformationModuleConfigurator.swift in Sources */ = {isa = PBXBuildFile; fileRef = F1DAA16EE6ECCE69205F19C8 /* MainInformationModuleConfigurator.swift */; };
		49A01F8685EC740440CE6072 /* MainInformationViewController.swift in Sources */ = {isa = PBXBuildFile; fileRef = 734E6607019AD9F4E9685796 /* MainInformationViewController.swift */; };
		662BC2F6611F9D6B17754A8D /* MainInformationPresenter.swift in Sources */ = {isa = PBXBuildFile; fileRef = 8C2DEF5AA65EA620FFBCC920 /* MainInformationPresenter.swift */; };
		83F383FDB65F538B23C41B81 /* MainInformationProtocols.swift in Sources */ = {isa = PBXBuildFile; fileRef = C5BF05D5F3ED00B69B19B556 /* MainInformationProtocols.swift */; };
		85028376606375588C171D49 /* MainInformationInteractor.swift in Sources */ = {isa = PBXBuildFile; fileRef = 3AC2BCE47BA3DF6A3C73AE7F /* MainInformationInteractor.swift */; };
		BC15E5AFFDABF2D2C9D89C4D /* MainInformationModule.swift in Sources */ = {isa = PBXBuildFile; fileRef = BCBB0B679EDE72A037B8529B /* MainInformationModule.swift */; };
		C4B4DA58225C979400068F0F /* Assets.xcassets in Resources */ = {isa = PBXBuildFile; fileRef = C4B4D9C9225C979400068F0F /* Assets.xcassets */; };
		C4B4DA59225C979400068F0F /* DatabaseService.swift in Sources */ = {isa = PBXBuildFile; fileRef = C4B4D9CC225C979400068F0F /* DatabaseService.swift */; };
		C4B4DA5A225C979400068F0F /* DatabaseServiceProtocol.swift in Sources */ = {isa = PBXBuildFile; fileRef = C4B4D9CD225C979400068F0F /* DatabaseServiceProtocol.swift */; };
		C4B4DA5B225C979400068F0F /* NetworkServiceProtocol.swift in Sources */ = {isa = PBXBuildFile; fileRef = C4B4D9CF225C979400068F0F /* NetworkServiceProtocol.swift */; };
		C4B4DA5C225C979400068F0F /* NetworkService.swift in Sources */ = {isa = PBXBuildFile; fileRef = C4B4D9D0225C979400068F0F /* NetworkService.swift */; };
		C4B4DA5D225C979400068F0F /* ApplicationCoordinator.swift in Sources */ = {isa = PBXBuildFile; fileRef = C4B4D9D2225C979400068F0F /* ApplicationCoordinator.swift */; };
		C4B4DA5E225C979400068F0F /* ApplicationLaunchType.swift in Sources */ = {isa = PBXBuildFile; fileRef = C4B4D9D3225C979400068F0F /* ApplicationLaunchType.swift */; };
		C4B4DA5F225C979400068F0F /* AppDelegate.swift in Sources */ = {isa = PBXBuildFile; fileRef = C4B4D9D4225C979400068F0F /* AppDelegate.swift */; };
		C4B4DA63225C979400068F0F /* Profile.storyboard in Resources */ = {isa = PBXBuildFile; fileRef = C4B4D9DD225C979400068F0F /* Profile.storyboard */; };
		C4B4DA64225C979400068F0F /* LaunchScreen.storyboard in Resources */ = {isa = PBXBuildFile; fileRef = C4B4D9DF225C979400068F0F /* LaunchScreen.storyboard */; };
		C4B4DA65225C979400068F0F /* Application.storyboard in Resources */ = {isa = PBXBuildFile; fileRef = C4B4D9E1225C979400068F0F /* Application.storyboard */; };
		C4B4DA66225C979400068F0F /* MainMenuTabBar.storyboard in Resources */ = {isa = PBXBuildFile; fileRef = C4B4D9E4225C979400068F0F /* MainMenuTabBar.storyboard */; };
		C4B4DA67225C979400068F0F /* BaseRouter.swift in Sources */ = {isa = PBXBuildFile; fileRef = C4B4D9E7225C979400068F0F /* BaseRouter.swift */; };
		C4B4DA68225C979400068F0F /* BaseCoordinator.swift in Sources */ = {isa = PBXBuildFile; fileRef = C4B4D9E8225C979400068F0F /* BaseCoordinator.swift */; };
		C4B4DA69225C979400068F0F /* BaseCompletion.swift in Sources */ = {isa = PBXBuildFile; fileRef = C4B4D9E9225C979400068F0F /* BaseCompletion.swift */; };
		C4B4DA6A225C979400068F0F /* View.swift in Sources */ = {isa = PBXBuildFile; fileRef = C4B4D9EB225C979400068F0F /* View.swift */; };
		C4B4DA6B225C979400068F0F /* ModuleConfigurator.swift in Sources */ = {isa = PBXBuildFile; fileRef = C4B4D9EC225C979400068F0F /* ModuleConfigurator.swift */; };
		C4B4DA6C225C979400068F0F /* Interactor.swift in Sources */ = {isa = PBXBuildFile; fileRef = C4B4D9ED225C979400068F0F /* Interactor.swift */; };
		C4B4DA6D225C979400068F0F /* Presenter.swift in Sources */ = {isa = PBXBuildFile; fileRef = C4B4D9EE225C979400068F0F /* Presenter.swift */; };
		C4B4DA6E225C979400068F0F /* Router.swift in Sources */ = {isa = PBXBuildFile; fileRef = C4B4D9EF225C979400068F0F /* Router.swift */; };
		C4B4DA6F225C979400068F0F /* Module.swift in Sources */ = {isa = PBXBuildFile; fileRef = C4B4D9F0225C979400068F0F /* Module.swift */; };
		C4B4DA70225C979400068F0F /* Coordinator.swift in Sources */ = {isa = PBXBuildFile; fileRef = C4B4D9F1225C979400068F0F /* Coordinator.swift */; };
		C4B4DA71225C979400068F0F /* MainMenuTabBarCoordinator.swift in Sources */ = {isa = PBXBuildFile; fileRef = C4B4D9F4225C979400068F0F /* MainMenuTabBarCoordinator.swift */; };
		C4B4DA72225C979400068F0F /* MainMenuTabBarPresenter.swift in Sources */ = {isa = PBXBuildFile; fileRef = C4B4D9F8225C979400068F0F /* MainMenuTabBarPresenter.swift */; };
		C4B4DA73225C979400068F0F /* MainMenuTabBarModule.swift in Sources */ = {isa = PBXBuildFile; fileRef = C4B4D9F9225C979400068F0F /* MainMenuTabBarModule.swift */; };
		C4B4DA74225C979400068F0F /* MainMenuTabBarViewController.swift in Sources */ = {isa = PBXBuildFile; fileRef = C4B4D9FB225C979400068F0F /* MainMenuTabBarViewController.swift */; };
		C4B4DA75225C979400068F0F /* MainMenuTabBarConfigurator.swift in Sources */ = {isa = PBXBuildFile; fileRef = C4B4D9FD225C979400068F0F /* MainMenuTabBarConfigurator.swift */; };
		C4B4DA76225C979400068F0F /* MainMenuTabBarProtocols.swift in Sources */ = {isa = PBXBuildFile; fileRef = C4B4D9FF225C979400068F0F /* MainMenuTabBarProtocols.swift */; };
		C4B4DA77225C979400068F0F /* MainMenuTabBarInteractor.swift in Sources */ = {isa = PBXBuildFile; fileRef = C4B4DA01225C979400068F0F /* MainMenuTabBarInteractor.swift */; };
		C4B4DA99225C979400068F0F /* ProfileCoordinator.swift in Sources */ = {isa = PBXBuildFile; fileRef = C4B4DA48225C979400068F0F /* ProfileCoordinator.swift */; };
		C4B4DA9A225C979400068F0F /* ProfilePresenter.swift in Sources */ = {isa = PBXBuildFile; fileRef = C4B4DA4C225C979400068F0F /* ProfilePresenter.swift */; };
		C4B4DA9B225C979400068F0F /* ProfileModule.swift in Sources */ = {isa = PBXBuildFile; fileRef = C4B4DA4D225C979400068F0F /* ProfileModule.swift */; };
		C4B4DA9C225C979400068F0F /* ProfileViewController.swift in Sources */ = {isa = PBXBuildFile; fileRef = C4B4DA4F225C979400068F0F /* ProfileViewController.swift */; };
		C4B4DA9D225C979400068F0F /* ProfileConfigurator.swift in Sources */ = {isa = PBXBuildFile; fileRef = C4B4DA51225C979400068F0F /* ProfileConfigurator.swift */; };
		C4B4DA9E225C979400068F0F /* ProfileProtocols.swift in Sources */ = {isa = PBXBuildFile; fileRef = C4B4DA53225C979400068F0F /* ProfileProtocols.swift */; };
		C4B4DA9F225C979400068F0F /* ProfileInteractor.swift in Sources */ = {isa = PBXBuildFile; fileRef = C4B4DA55225C979400068F0F /* ProfileInteractor.swift */; };
		C4D5E3B1225CB5720078B097 /* MainInformation.storyboard in Resources */ = {isa = PBXBuildFile; fileRef = C4D5E3B0225CB5720078B097 /* MainInformation.storyboard */; };
		C4D5E3B4225CB5B50078B097 /* MainInformationCoordinator.swift in Sources */ = {isa = PBXBuildFile; fileRef = C4D5E3B3225CB5B50078B097 /* MainInformationCoordinator.swift */; };
/* End PBXBuildFile section */

/* Begin PBXFileReference section */
		3AC2BCE47BA3DF6A3C73AE7F /* MainInformationInteractor.swift */ = {isa = PBXFileReference; includeInIndex = 1; lastKnownFileType = sourcecode.swift; path = MainInformationInteractor.swift; sourceTree = "<group>"; };
		734E6607019AD9F4E9685796 /* MainInformationViewController.swift */ = {isa = PBXFileReference; includeInIndex = 1; lastKnownFileType = sourcecode.swift; path = MainInformationViewController.swift; sourceTree = "<group>"; };
		8C2DEF5AA65EA620FFBCC920 /* MainInformationPresenter.swift */ = {isa = PBXFileReference; includeInIndex = 1; lastKnownFileType = sourcecode.swift; path = MainInformationPresenter.swift; sourceTree = "<group>"; };
		BCBB0B679EDE72A037B8529B /* MainInformationModule.swift */ = {isa = PBXFileReference; includeInIndex = 1; lastKnownFileType = sourcecode.swift; path = MainInformationModule.swift; sourceTree = "<group>"; };
		C4B4D9B3225C96D700068F0F /* C-VIP-S_ArchitectureExample.app */ = {isa = PBXFileReference; explicitFileType = wrapper.application; includeInIndex = 0; path = "C-VIP-S_ArchitectureExample.app"; sourceTree = BUILT_PRODUCTS_DIR; };
		C4B4D9C2225C96D700068F0F /* Info.plist */ = {isa = PBXFileReference; lastKnownFileType = text.plist.xml; path = Info.plist; sourceTree = "<group>"; };
		C4B4D9C9225C979400068F0F /* Assets.xcassets */ = {isa = PBXFileReference; lastKnownFileType = folder.assetcatalog; path = Assets.xcassets; sourceTree = "<group>"; };
		C4B4D9CC225C979400068F0F /* DatabaseService.swift */ = {isa = PBXFileReference; fileEncoding = 4; lastKnownFileType = sourcecode.swift; path = DatabaseService.swift; sourceTree = "<group>"; };
		C4B4D9CD225C979400068F0F /* DatabaseServiceProtocol.swift */ = {isa = PBXFileReference; fileEncoding = 4; lastKnownFileType = sourcecode.swift; path = DatabaseServiceProtocol.swift; sourceTree = "<group>"; };
		C4B4D9CF225C979400068F0F /* NetworkServiceProtocol.swift */ = {isa = PBXFileReference; fileEncoding = 4; lastKnownFileType = sourcecode.swift; path = NetworkServiceProtocol.swift; sourceTree = "<group>"; };
		C4B4D9D0225C979400068F0F /* NetworkService.swift */ = {isa = PBXFileReference; fileEncoding = 4; lastKnownFileType = sourcecode.swift; path = NetworkService.swift; sourceTree = "<group>"; };
		C4B4D9D2225C979400068F0F /* ApplicationCoordinator.swift */ = {isa = PBXFileReference; fileEncoding = 4; lastKnownFileType = sourcecode.swift; path = ApplicationCoordinator.swift; sourceTree = "<group>"; };
		C4B4D9D3225C979400068F0F /* ApplicationLaunchType.swift */ = {isa = PBXFileReference; fileEncoding = 4; lastKnownFileType = sourcecode.swift; path = ApplicationLaunchType.swift; sourceTree = "<group>"; };
		C4B4D9D4225C979400068F0F /* AppDelegate.swift */ = {isa = PBXFileReference; fileEncoding = 4; lastKnownFileType = sourcecode.swift; path = AppDelegate.swift; sourceTree = "<group>"; };
		C4B4D9DD225C979400068F0F /* Profile.storyboard */ = {isa = PBXFileReference; fileEncoding = 4; lastKnownFileType = file.storyboard; path = Profile.storyboard; sourceTree = "<group>"; };
		C4B4D9E0225C979400068F0F /* Base */ = {isa = PBXFileReference; lastKnownFileType = file.storyboard; name = Base; path = Base.lproj/LaunchScreen.storyboard; sourceTree = "<group>"; };
		C4B4D9E2225C979400068F0F /* Base */ = {isa = PBXFileReference; lastKnownFileType = file.storyboard; name = Base; path = Base.lproj/Application.storyboard; sourceTree = "<group>"; };
		C4B4D9E4225C979400068F0F /* MainMenuTabBar.storyboard */ = {isa = PBXFileReference; fileEncoding = 4; lastKnownFileType = file.storyboard; path = MainMenuTabBar.storyboard; sourceTree = "<group>"; };
		C4B4D9E7225C979400068F0F /* BaseRouter.swift */ = {isa = PBXFileReference; fileEncoding = 4; lastKnownFileType = sourcecode.swift; path = BaseRouter.swift; sourceTree = "<group>"; };
		C4B4D9E8225C979400068F0F /* BaseCoordinator.swift */ = {isa = PBXFileReference; fileEncoding = 4; lastKnownFileType = sourcecode.swift; path = BaseCoordinator.swift; sourceTree = "<group>"; };
		C4B4D9E9225C979400068F0F /* BaseCompletion.swift */ = {isa = PBXFileReference; fileEncoding = 4; lastKnownFileType = sourcecode.swift; path = BaseCompletion.swift; sourceTree = "<group>"; };
		C4B4D9EB225C979400068F0F /* View.swift */ = {isa = PBXFileReference; fileEncoding = 4; lastKnownFileType = sourcecode.swift; path = View.swift; sourceTree = "<group>"; };
		C4B4D9EC225C979400068F0F /* ModuleConfigurator.swift */ = {isa = PBXFileReference; fileEncoding = 4; lastKnownFileType = sourcecode.swift; path = ModuleConfigurator.swift; sourceTree = "<group>"; };
		C4B4D9ED225C979400068F0F /* Interactor.swift */ = {isa = PBXFileReference; fileEncoding = 4; lastKnownFileType = sourcecode.swift; path = Interactor.swift; sourceTree = "<group>"; };
		C4B4D9EE225C979400068F0F /* Presenter.swift */ = {isa = PBXFileReference; fileEncoding = 4; lastKnownFileType = sourcecode.swift; path = Presenter.swift; sourceTree = "<group>"; };
		C4B4D9EF225C979400068F0F /* Router.swift */ = {isa = PBXFileReference; fileEncoding = 4; lastKnownFileType = sourcecode.swift; path = Router.swift; sourceTree = "<group>"; };
		C4B4D9F0225C979400068F0F /* Module.swift */ = {isa = PBXFileReference; fileEncoding = 4; lastKnownFileType = sourcecode.swift; path = Module.swift; sourceTree = "<group>"; };
		C4B4D9F1225C979400068F0F /* Coordinator.swift */ = {isa = PBXFileReference; fileEncoding = 4; lastKnownFileType = sourcecode.swift; path = Coordinator.swift; sourceTree = "<group>"; };
		C4B4D9F4225C979400068F0F /* MainMenuTabBarCoordinator.swift */ = {isa = PBXFileReference; fileEncoding = 4; lastKnownFileType = sourcecode.swift; path = MainMenuTabBarCoordinator.swift; sourceTree = "<group>"; };
		C4B4D9F8225C979400068F0F /* MainMenuTabBarPresenter.swift */ = {isa = PBXFileReference; fileEncoding = 4; lastKnownFileType = sourcecode.swift; path = MainMenuTabBarPresenter.swift; sourceTree = "<group>"; };
		C4B4D9F9225C979400068F0F /* MainMenuTabBarModule.swift */ = {isa = PBXFileReference; fileEncoding = 4; lastKnownFileType = sourcecode.swift; path = MainMenuTabBarModule.swift; sourceTree = "<group>"; };
		C4B4D9FB225C979400068F0F /* MainMenuTabBarViewController.swift */ = {isa = PBXFileReference; fileEncoding = 4; lastKnownFileType = sourcecode.swift; path = MainMenuTabBarViewController.swift; sourceTree = "<group>"; };
		C4B4D9FD225C979400068F0F /* MainMenuTabBarConfigurator.swift */ = {isa = PBXFileReference; fileEncoding = 4; lastKnownFileType = sourcecode.swift; path = MainMenuTabBarConfigurator.swift; sourceTree = "<group>"; };
		C4B4D9FF225C979400068F0F /* MainMenuTabBarProtocols.swift */ = {isa = PBXFileReference; fileEncoding = 4; lastKnownFileType = sourcecode.swift; path = MainMenuTabBarProtocols.swift; sourceTree = "<group>"; };
		C4B4DA01225C979400068F0F /* MainMenuTabBarInteractor.swift */ = {isa = PBXFileReference; fileEncoding = 4; lastKnownFileType = sourcecode.swift; path = MainMenuTabBarInteractor.swift; sourceTree = "<group>"; };
		C4B4DA48225C979400068F0F /* ProfileCoordinator.swift */ = {isa = PBXFileReference; fileEncoding = 4; lastKnownFileType = sourcecode.swift; path = ProfileCoordinator.swift; sourceTree = "<group>"; };
		C4B4DA4C225C979400068F0F /* ProfilePresenter.swift */ = {isa = PBXFileReference; fileEncoding = 4; lastKnownFileType = sourcecode.swift; path = ProfilePresenter.swift; sourceTree = "<group>"; };
		C4B4DA4D225C979400068F0F /* ProfileModule.swift */ = {isa = PBXFileReference; fileEncoding = 4; lastKnownFileType = sourcecode.swift; path = ProfileModule.swift; sourceTree = "<group>"; };
		C4B4DA4F225C979400068F0F /* ProfileViewController.swift */ = {isa = PBXFileReference; fileEncoding = 4; lastKnownFileType = sourcecode.swift; path = ProfileViewController.swift; sourceTree = "<group>"; };
		C4B4DA51225C979400068F0F /* ProfileConfigurator.swift */ = {isa = PBXFileReference; fileEncoding = 4; lastKnownFileType = sourcecode.swift; path = ProfileConfigurator.swift; sourceTree = "<group>"; };
		C4B4DA53225C979400068F0F /* ProfileProtocols.swift */ = {isa = PBXFileReference; fileEncoding = 4; lastKnownFileType = sourcecode.swift; path = ProfileProtocols.swift; sourceTree = "<group>"; };
		C4B4DA55225C979400068F0F /* ProfileInteractor.swift */ = {isa = PBXFileReference; fileEncoding = 4; lastKnownFileType = sourcecode.swift; path = ProfileInteractor.swift; sourceTree = "<group>"; };
		C4D5E3B0225CB5720078B097 /* MainInformation.storyboard */ = {isa = PBXFileReference; lastKnownFileType = file.storyboard; path = MainInformation.storyboard; sourceTree = "<group>"; };
		C4D5E3B3225CB5B50078B097 /* MainInformationCoordinator.swift */ = {isa = PBXFileReference; lastKnownFileType = sourcecode.swift; path = MainInformationCoordinator.swift; sourceTree = "<group>"; };
		C5BF05D5F3ED00B69B19B556 /* MainInformationProtocols.swift */ = {isa = PBXFileReference; includeInIndex = 1; lastKnownFileType = sourcecode.swift; path = MainInformationProtocols.swift; sourceTree = "<group>"; };
		F1DAA16EE6ECCE69205F19C8 /* MainInformationModuleConfigurator.swift */ = {isa = PBXFileReference; includeInIndex = 1; lastKnownFileType = sourcecode.swift; path = MainInformationModuleConfigurator.swift; sourceTree = "<group>"; };
/* End PBXFileReference section */

/* Begin PBXFrameworksBuildPhase section */
		C4B4D9B0225C96D700068F0F /* Frameworks */ = {
			isa = PBXFrameworksBuildPhase;
			buildActionMask = 2147483647;
			files = (
			);
			runOnlyForDeploymentPostprocessing = 0;
		};
/* End PBXFrameworksBuildPhase section */

/* Begin PBXGroup section */
		03A09CB9BE89215379F2C4F6 /* Interactor */ = {
			isa = PBXGroup;
			children = (
				3AC2BCE47BA3DF6A3C73AE7F /* MainInformationInteractor.swift */,
			);
			path = Interactor;
			sourceTree = "<group>";
		};
		53A73B05E503C1907FBB2B0D /* Configurator */ = {
			isa = PBXGroup;
			children = (
				F1DAA16EE6ECCE69205F19C8 /* MainInformationModuleConfigurator.swift */,
			);
			path = Configurator;
			sourceTree = "<group>";
		};
		57E9DF4636C4FAB049959D96 /* Presenter */ = {
			isa = PBXGroup;
			children = (
				8C2DEF5AA65EA620FFBCC920 /* MainInformationPresenter.swift */,
			);
			path = Presenter;
			sourceTree = "<group>";
		};
		6E7A8FBA684348B636D3445F /* View */ = {
			isa = PBXGroup;
			children = (
				734E6607019AD9F4E9685796 /* MainInformationViewController.swift */,
			);
			path = View;
			sourceTree = "<group>";
		};
		759E621960BAB7DA5AA82CB7 /* GeneratedClasses */ = {
			isa = PBXGroup;
			children = (
				EA5602CC4836EDA7D704EA93 /* Modules */,
			);
			path = GeneratedClasses;
			sourceTree = "<group>";
		};
		998A75FFDB704C930107F224 /* Protocols */ = {
			isa = PBXGroup;
			children = (
				C5BF05D5F3ED00B69B19B556 /* MainInformationProtocols.swift */,
			);
			path = Protocols;
			sourceTree = "<group>";
		};
		C4B4D9AA225C96D700068F0F = {
			isa = PBXGroup;
			children = (
				C4B4D9B5225C96D700068F0F /* C-VIP-S_ArchitectureExample */,
				C4B4D9B4225C96D700068F0F /* Products */,
			);
			sourceTree = "<group>";
		};
		C4B4D9B4225C96D700068F0F /* Products */ = {
			isa = PBXGroup;
			children = (
				C4B4D9B3225C96D700068F0F /* C-VIP-S_ArchitectureExample.app */,
			);
			name = Products;
			sourceTree = "<group>";
		};
		C4B4D9B5225C96D700068F0F /* C-VIP-S_ArchitectureExample */ = {
			isa = PBXGroup;
			children = (
				C4B4D9E5225C979400068F0F /* Base */,
				C4B4D9F2225C979400068F0F /* Flows */,
				C4B4D9CA225C979400068F0F /* Services */,
				C4B4D9C8225C979400068F0F /* Resources */,
				C4B4D9C2225C96D700068F0F /* Info.plist */,
				759E621960BAB7DA5AA82CB7 /* GeneratedClasses */,
			);
			path = "C-VIP-S_ArchitectureExample";
			sourceTree = "<group>";
		};
		C4B4D9C8225C979400068F0F /* Resources */ = {
			isa = PBXGroup;
			children = (
				C4B4D9C9225C979400068F0F /* Assets.xcassets */,
			);
			path = Resources;
			sourceTree = "<group>";
		};
		C4B4D9CA225C979400068F0F /* Services */ = {
			isa = PBXGroup;
			children = (
				C4B4D9CB225C979400068F0F /* Database */,
				C4B4D9CE225C979400068F0F /* Network */,
			);
			path = Services;
			sourceTree = "<group>";
		};
		C4B4D9CB225C979400068F0F /* Database */ = {
			isa = PBXGroup;
			children = (
				C4B4D9CC225C979400068F0F /* DatabaseService.swift */,
				C4B4D9CD225C979400068F0F /* DatabaseServiceProtocol.swift */,
			);
			path = Database;
			sourceTree = "<group>";
		};
		C4B4D9CE225C979400068F0F /* Network */ = {
			isa = PBXGroup;
			children = (
				C4B4D9CF225C979400068F0F /* NetworkServiceProtocol.swift */,
				C4B4D9D0225C979400068F0F /* NetworkService.swift */,
			);
			path = Network;
			sourceTree = "<group>";
		};
		C4B4D9D1225C979400068F0F /* Application */ = {
			isa = PBXGroup;
			children = (
				C4B4D9D2225C979400068F0F /* ApplicationCoordinator.swift */,
				C4B4D9D4225C979400068F0F /* AppDelegate.swift */,
				C4B4D9D3225C979400068F0F /* ApplicationLaunchType.swift */,
				C4B4D9DF225C979400068F0F /* LaunchScreen.storyboard */,
				C4B4D9E1225C979400068F0F /* Application.storyboard */,
			);
			path = Application;
			sourceTree = "<group>";
		};
		C4B4D9E5225C979400068F0F /* Base */ = {
			isa = PBXGroup;
			children = (
				C4B4D9E6225C979400068F0F /* Implementations */,
				C4B4D9EA225C979400068F0F /* Protocols */,
			);
			path = Base;
			sourceTree = "<group>";
		};
		C4B4D9E6225C979400068F0F /* Implementations */ = {
			isa = PBXGroup;
			children = (
				C4B4D9E7225C979400068F0F /* BaseRouter.swift */,
				C4B4D9E8225C979400068F0F /* BaseCoordinator.swift */,
				C4B4D9E9225C979400068F0F /* BaseCompletion.swift */,
			);
			path = Implementations;
			sourceTree = "<group>";
		};
		C4B4D9EA225C979400068F0F /* Protocols */ = {
			isa = PBXGroup;
			children = (
				C4B4D9EB225C979400068F0F /* View.swift */,
				C4B4D9EC225C979400068F0F /* ModuleConfigurator.swift */,
				C4B4D9ED225C979400068F0F /* Interactor.swift */,
				C4B4D9EE225C979400068F0F /* Presenter.swift */,
				C4B4D9EF225C979400068F0F /* Router.swift */,
				C4B4D9F0225C979400068F0F /* Module.swift */,
				C4B4D9F1225C979400068F0F /* Coordinator.swift */,
			);
			path = Protocols;
			sourceTree = "<group>";
		};
		C4B4D9F2225C979400068F0F /* Flows */ = {
			isa = PBXGroup;
			children = (
				C4B4D9D1225C979400068F0F /* Application */,
				C4D5E3B2225CB59E0078B097 /* MainInformation */,
				C4B4D9F3225C979400068F0F /* MainMenuTabBar */,
				C4B4DA47225C979400068F0F /* Profile */,
			);
			path = Flows;
			sourceTree = "<group>";
		};
		C4B4D9F3225C979400068F0F /* MainMenuTabBar */ = {
			isa = PBXGroup;
			children = (
				C4B4D9F4225C979400068F0F /* MainMenuTabBarCoordinator.swift */,
				C4B4D9E4225C979400068F0F /* MainMenuTabBar.storyboard */,
				C4B4D9F5225C979400068F0F /* Modules */,
			);
			path = MainMenuTabBar;
			sourceTree = "<group>";
		};
		C4B4D9F5225C979400068F0F /* Modules */ = {
			isa = PBXGroup;
			children = (
				C4B4D9F6225C979400068F0F /* MainMenuTabBar */,
			);
			path = Modules;
			sourceTree = "<group>";
		};
		C4B4D9F6225C979400068F0F /* MainMenuTabBar */ = {
			isa = PBXGroup;
			children = (
				C4B4D9F9225C979400068F0F /* MainMenuTabBarModule.swift */,
				C4B4D9FE225C979400068F0F /* Protocols */,
				C4B4D9FC225C979400068F0F /* Configurator */,
				C4B4D9FA225C979400068F0F /* View */,
				C4B4DA00225C979400068F0F /* Interactor */,
				C4B4D9F7225C979400068F0F /* Presenter */,
			);
			path = MainMenuTabBar;
			sourceTree = "<group>";
		};
		C4B4D9F7225C979400068F0F /* Presenter */ = {
			isa = PBXGroup;
			children = (
				C4B4D9F8225C979400068F0F /* MainMenuTabBarPresenter.swift */,
			);
			path = Presenter;
			sourceTree = "<group>";
		};
		C4B4D9FA225C979400068F0F /* View */ = {
			isa = PBXGroup;
			children = (
				C4B4D9FB225C979400068F0F /* MainMenuTabBarViewController.swift */,
			);
			path = View;
			sourceTree = "<group>";
		};
		C4B4D9FC225C979400068F0F /* Configurator */ = {
			isa = PBXGroup;
			children = (
				C4B4D9FD225C979400068F0F /* MainMenuTabBarConfigurator.swift */,
			);
			path = Configurator;
			sourceTree = "<group>";
		};
		C4B4D9FE225C979400068F0F /* Protocols */ = {
			isa = PBXGroup;
			children = (
				C4B4D9FF225C979400068F0F /* MainMenuTabBarProtocols.swift */,
			);
			path = Protocols;
			sourceTree = "<group>";
		};
		C4B4DA00225C979400068F0F /* Interactor */ = {
			isa = PBXGroup;
			children = (
				C4B4DA01225C979400068F0F /* MainMenuTabBarInteractor.swift */,
			);
			path = Interactor;
			sourceTree = "<group>";
		};
		C4B4DA47225C979400068F0F /* Profile */ = {
			isa = PBXGroup;
			children = (
				C4B4DA48225C979400068F0F /* ProfileCoordinator.swift */,
				C4B4D9DD225C979400068F0F /* Profile.storyboard */,
				C4B4DA49225C979400068F0F /* Modules */,
			);
			path = Profile;
			sourceTree = "<group>";
		};
		C4B4DA49225C979400068F0F /* Modules */ = {
			isa = PBXGroup;
			children = (
				C4B4DA4A225C979400068F0F /* Profile */,
			);
			path = Modules;
			sourceTree = "<group>";
		};
		C4B4DA4A225C979400068F0F /* Profile */ = {
			isa = PBXGroup;
			children = (
				C4B4DA4D225C979400068F0F /* ProfileModule.swift */,
				C4B4DA52225C979400068F0F /* Protocols */,
				C4B4DA50225C979400068F0F /* Configurator */,
				C4B4DA4E225C979400068F0F /* View */,
				C4B4DA54225C979400068F0F /* Interactor */,
				C4B4DA4B225C979400068F0F /* Presenter */,
			);
			path = Profile;
			sourceTree = "<group>";
		};
		C4B4DA4B225C979400068F0F /* Presenter */ = {
			isa = PBXGroup;
			children = (
				C4B4DA4C225C979400068F0F /* ProfilePresenter.swift */,
			);
			path = Presenter;
			sourceTree = "<group>";
		};
		C4B4DA4E225C979400068F0F /* View */ = {
			isa = PBXGroup;
			children = (
				C4B4DA4F225C979400068F0F /* ProfileViewController.swift */,
			);
			path = View;
			sourceTree = "<group>";
		};
		C4B4DA50225C979400068F0F /* Configurator */ = {
			isa = PBXGroup;
			children = (
				C4B4DA51225C979400068F0F /* ProfileConfigurator.swift */,
			);
			path = Configurator;
			sourceTree = "<group>";
		};
		C4B4DA52225C979400068F0F /* Protocols */ = {
			isa = PBXGroup;
			children = (
				C4B4DA53225C979400068F0F /* ProfileProtocols.swift */,
			);
			path = Protocols;
			sourceTree = "<group>";
		};
		C4B4DA54225C979400068F0F /* Interactor */ = {
			isa = PBXGroup;
			children = (
				C4B4DA55225C979400068F0F /* ProfileInteractor.swift */,
			);
			path = Interactor;
			sourceTree = "<group>";
		};
		C4D5E3B2225CB59E0078B097 /* MainInformation */ = {
			isa = PBXGroup;
			children = (
				C4D5E3B3225CB5B50078B097 /* MainInformationCoordinator.swift */,
				C4D5E3B0225CB5720078B097 /* MainInformation.storyboard */,
				C4D5E3B5225CB5C40078B097 /* Modules */,
			);
			path = MainInformation;
			sourceTree = "<group>";
		};
		C4D5E3B5225CB5C40078B097 /* Modules */ = {
			isa = PBXGroup;
			children = (
				C783AEA0439C3CBCA8BA1235 /* MainInformation */,
			);
			path = Modules;
			sourceTree = "<group>";
		};
		C783AEA0439C3CBCA8BA1235 /* MainInformation */ = {
			isa = PBXGroup;
			children = (
				BCBB0B679EDE72A037B8529B /* MainInformationModule.swift */,
				998A75FFDB704C930107F224 /* Protocols */,
				53A73B05E503C1907FBB2B0D /* Configurator */,
				6E7A8FBA684348B636D3445F /* View */,
				03A09CB9BE89215379F2C4F6 /* Interactor */,
				57E9DF4636C4FAB049959D96 /* Presenter */,
			);
			path = MainInformation;
			sourceTree = "<group>";
		};
		EA5602CC4836EDA7D704EA93 /* Modules */ = {
			isa = PBXGroup;
			children = (
			);
			path = Modules;
			sourceTree = "<group>";
		};
/* End PBXGroup section */

/* Begin PBXNativeTarget section */
		C4B4D9B2225C96D700068F0F /* C-VIP-S_ArchitectureExample */ = {
			isa = PBXNativeTarget;
			buildConfigurationList = C4B4D9C5225C96D700068F0F /* Build configuration list for PBXNativeTarget "C-VIP-S_ArchitectureExample" */;
			buildPhases = (
				C4B4D9AF225C96D700068F0F /* Sources */,
				C4B4D9B0225C96D700068F0F /* Frameworks */,
				C4B4D9B1225C96D700068F0F /* Resources */,
			);
			buildRules = (
			);
			dependencies = (
			);
			name = "C-VIP-S_ArchitectureExample";
			productName = "C-VIP-S_ArchitectureExample";
			productReference = C4B4D9B3225C96D700068F0F /* C-VIP-S_ArchitectureExample.app */;
			productType = "com.apple.product-type.application";
		};
/* End PBXNativeTarget section */

/* Begin PBXProject section */
		C4B4D9AB225C96D700068F0F /* Project object */ = {
			isa = PBXProject;
			attributes = {
				LastSwiftUpdateCheck = 1010;
				LastUpgradeCheck = 1010;
				ORGANIZATIONNAME = "Kingsley Edem Awak";
				TargetAttributes = {
					C4B4D9B2225C96D700068F0F = {
						CreatedOnToolsVersion = 10.1;
						ProvisioningStyle = Automatic;
					};
				};
			};
			buildConfigurationList = C4B4D9AE225C96D700068F0F /* Build configuration list for PBXProject "C-VIP-S_ArchitectureExample" */;
			compatibilityVersion = "Xcode 8.0";
			developmentRegion = en;
			hasScannedForEncodings = 0;
			knownRegions = (
				en,
				Base,
			);
			mainGroup = C4B4D9AA225C96D700068F0F;
			productRefGroup = C4B4D9B4225C96D700068F0F /* Products */;
			projectDirPath = "";
			projectRoot = "";
			targets = (
				C4B4D9B2225C96D700068F0F /* C-VIP-S_ArchitectureExample */,
			);
		};
/* End PBXProject section */

/* Begin PBXResourcesBuildPhase section */
		C4B4D9B1225C96D700068F0F /* Resources */ = {
			isa = PBXResourcesBuildPhase;
			buildActionMask = 2147483647;
			files = (
				C4B4DA65225C979400068F0F /* Application.storyboard in Resources */,
				C4B4DA58225C979400068F0F /* Assets.xcassets in Resources */,
				C4B4DA63225C979400068F0F /* Profile.storyboard in Resources */,
				C4B4DA64225C979400068F0F /* LaunchScreen.storyboard in Resources */,
				C4D5E3B1225CB5720078B097 /* MainInformation.storyboard in Resources */,
				C4B4DA66225C979400068F0F /* MainMenuTabBar.storyboard in Resources */,
			);
			runOnlyForDeploymentPostprocessing = 0;
		};
/* End PBXResourcesBuildPhase section */

/* Begin PBXSourcesBuildPhase section */
		C4B4D9AF225C96D700068F0F /* Sources */ = {
			isa = PBXSourcesBuildPhase;
			buildActionMask = 2147483647;
			files = (
				C4B4DA6B225C979400068F0F /* ModuleConfigurator.swift in Sources */,
				C4B4DA5D225C979400068F0F /* ApplicationCoordinator.swift in Sources */,
				C4B4DA68225C979400068F0F /* BaseCoordinator.swift in Sources */,
				C4B4DA99225C979400068F0F /* ProfileCoordinator.swift in Sources */,
				C4B4DA9B225C979400068F0F /* ProfileModule.swift in Sources */,
				C4B4DA9A225C979400068F0F /* ProfilePresenter.swift in Sources */,
				C4D5E3B4225CB5B50078B097 /* MainInformationCoordinator.swift in Sources */,
				C4B4DA5A225C979400068F0F /* DatabaseServiceProtocol.swift in Sources */,
				C4B4DA72225C979400068F0F /* MainMenuTabBarPresenter.swift in Sources */,
				C4B4DA9E225C979400068F0F /* ProfileProtocols.swift in Sources */,
				C4B4DA59225C979400068F0F /* DatabaseService.swift in Sources */,
				C4B4DA9C225C979400068F0F /* ProfileViewController.swift in Sources */,
				C4B4DA69225C979400068F0F /* BaseCompletion.swift in Sources */,
				C4B4DA5E225C979400068F0F /* ApplicationLaunchType.swift in Sources */,
				C4B4DA6E225C979400068F0F /* Router.swift in Sources */,
				C4B4DA9F225C979400068F0F /* ProfileInteractor.swift in Sources */,
				C4B4DA73225C979400068F0F /* MainMenuTabBarModule.swift in Sources */,
				C4B4DA77225C979400068F0F /* MainMenuTabBarInteractor.swift in Sources */,
				C4B4DA5F225C979400068F0F /* AppDelegate.swift in Sources */,
				C4B4DA9D225C979400068F0F /* ProfileConfigurator.swift in Sources */,
				C4B4DA74225C979400068F0F /* MainMenuTabBarViewController.swift in Sources */,
				C4B4DA6D225C979400068F0F /* Presenter.swift in Sources */,
				C4B4DA70225C979400068F0F /* Coordinator.swift in Sources */,
				C4B4DA75225C979400068F0F /* MainMenuTabBarConfigurator.swift in Sources */,
				C4B4DA6C225C979400068F0F /* Interactor.swift in Sources */,
				C4B4DA5C225C979400068F0F /* NetworkService.swift in Sources */,
				C4B4DA5B225C979400068F0F /* NetworkServiceProtocol.swift in Sources */,
				C4B4DA6F225C979400068F0F /* Module.swift in Sources */,
				C4B4DA6A225C979400068F0F /* View.swift in Sources */,
				C4B4DA71225C979400068F0F /* MainMenuTabBarCoordinator.swift in Sources */,
				C4B4DA76225C979400068F0F /* MainMenuTabBarProtocols.swift in Sources */,
				C4B4DA67225C979400068F0F /* BaseRouter.swift in Sources */,
				BC15E5AFFDABF2D2C9D89C4D /* MainInformationModule.swift in Sources */,
				83F383FDB65F538B23C41B81 /* MainInformationProtocols.swift in Sources */,
				49A01F8685EC740440CE6072 /* MainInformationViewController.swift in Sources */,
				662BC2F6611F9D6B17754A8D /* MainInformationPresenter.swift in Sources */,
				85028376606375588C171D49 /* MainInformationInteractor.swift in Sources */,
				31BDDBFB42B28C29858A8F48 /* MainInformationModuleConfigurator.swift in Sources */,
			);
			runOnlyForDeploymentPostprocessing = 0;
		};
/* End PBXSourcesBuildPhase section */

/* Begin PBXVariantGroup section */
		C4B4D9DF225C979400068F0F /* LaunchScreen.storyboard */ = {
			isa = PBXVariantGroup;
			children = (
				C4B4D9E0225C979400068F0F /* Base */,
			);
			name = LaunchScreen.storyboard;
			sourceTree = "<group>";
		};
		C4B4D9E1225C979400068F0F /* Application.storyboard */ = {
			isa = PBXVariantGroup;
			children = (
				C4B4D9E2225C979400068F0F /* Base */,
			);
			name = Application.storyboard;
			sourceTree = "<group>";
		};
/* End PBXVariantGroup section */

/* Begin XCBuildConfiguration section */
		C4B4D9C3225C96D700068F0F /* Debug */ = {
			isa = XCBuildConfiguration;
			buildSettings = {
				ALWAYS_SEARCH_USER_PATHS = NO;
				CLANG_ANALYZER_NONNULL = YES;
				CLANG_ANALYZER_NUMBER_OBJECT_CONVERSION = YES_AGGRESSIVE;
				CLANG_CXX_LANGUAGE_STANDARD = "gnu++14";
				CLANG_CXX_LIBRARY = "libc++";
				CLANG_ENABLE_MODULES = YES;
				CLANG_ENABLE_OBJC_ARC = YES;
				CLANG_ENABLE_OBJC_WEAK = YES;
				CLANG_WARN_BLOCK_CAPTURE_AUTORELEASING = YES;
				CLANG_WARN_BOOL_CONVERSION = YES;
				CLANG_WARN_COMMA = YES;
				CLANG_WARN_CONSTANT_CONVERSION = YES;
				CLANG_WARN_DEPRECATED_OBJC_IMPLEMENTATIONS = YES;
				CLANG_WARN_DIRECT_OBJC_ISA_USAGE = YES_ERROR;
				CLANG_WARN_DOCUMENTATION_COMMENTS = YES;
				CLANG_WARN_EMPTY_BODY = YES;
				CLANG_WARN_ENUM_CONVERSION = YES;
				CLANG_WARN_INFINITE_RECURSION = YES;
				CLANG_WARN_INT_CONVERSION = YES;
				CLANG_WARN_NON_LITERAL_NULL_CONVERSION = YES;
				CLANG_WARN_OBJC_IMPLICIT_RETAIN_SELF = YES;
				CLANG_WARN_OBJC_LITERAL_CONVERSION = YES;
				CLANG_WARN_OBJC_ROOT_CLASS = YES_ERROR;
				CLANG_WARN_RANGE_LOOP_ANALYSIS = YES;
				CLANG_WARN_STRICT_PROTOTYPES = YES;
				CLANG_WARN_SUSPICIOUS_MOVE = YES;
				CLANG_WARN_UNGUARDED_AVAILABILITY = YES_AGGRESSIVE;
				CLANG_WARN_UNREACHABLE_CODE = YES;
				CLANG_WARN__DUPLICATE_METHOD_MATCH = YES;
				CODE_SIGN_IDENTITY = "iPhone Developer";
				COPY_PHASE_STRIP = NO;
				DEBUG_INFORMATION_FORMAT = dwarf;
				ENABLE_STRICT_OBJC_MSGSEND = YES;
				ENABLE_TESTABILITY = YES;
				GCC_C_LANGUAGE_STANDARD = gnu11;
				GCC_DYNAMIC_NO_PIC = NO;
				GCC_NO_COMMON_BLOCKS = YES;
				GCC_OPTIMIZATION_LEVEL = 0;
				GCC_PREPROCESSOR_DEFINITIONS = (
					"DEBUG=1",
					"$(inherited)",
				);
				GCC_WARN_64_TO_32_BIT_CONVERSION = YES;
				GCC_WARN_ABOUT_RETURN_TYPE = YES_ERROR;
				GCC_WARN_UNDECLARED_SELECTOR = YES;
				GCC_WARN_UNINITIALIZED_AUTOS = YES_AGGRESSIVE;
				GCC_WARN_UNUSED_FUNCTION = YES;
				GCC_WARN_UNUSED_VARIABLE = YES;
				IPHONEOS_DEPLOYMENT_TARGET = 12.1;
				MTL_ENABLE_DEBUG_INFO = INCLUDE_SOURCE;
				MTL_FAST_MATH = YES;
				ONLY_ACTIVE_ARCH = YES;
				SDKROOT = iphoneos;
				SWIFT_ACTIVE_COMPILATION_CONDITIONS = DEBUG;
				SWIFT_OPTIMIZATION_LEVEL = "-Onone";
			};
			name = Debug;
		};
		C4B4D9C4225C96D700068F0F /* Release */ = {
			isa = XCBuildConfiguration;
			buildSettings = {
				ALWAYS_SEARCH_USER_PATHS = NO;
				CLANG_ANALYZER_NONNULL = YES;
				CLANG_ANALYZER_NUMBER_OBJECT_CONVERSION = YES_AGGRESSIVE;
				CLANG_CXX_LANGUAGE_STANDARD = "gnu++14";
				CLANG_CXX_LIBRARY = "libc++";
				CLANG_ENABLE_MODULES = YES;
				CLANG_ENABLE_OBJC_ARC = YES;
				CLANG_ENABLE_OBJC_WEAK = YES;
				CLANG_WARN_BLOCK_CAPTURE_AUTORELEASING = YES;
				CLANG_WARN_BOOL_CONVERSION = YES;
				CLANG_WARN_COMMA = YES;
				CLANG_WARN_CONSTANT_CONVERSION = YES;
				CLANG_WARN_DEPRECATED_OBJC_IMPLEMENTATIONS = YES;
				CLANG_WARN_DIRECT_OBJC_ISA_USAGE = YES_ERROR;
				CLANG_WARN_DOCUMENTATION_COMMENTS = YES;
				CLANG_WARN_EMPTY_BODY = YES;
				CLANG_WARN_ENUM_CONVERSION = YES;
				CLANG_WARN_INFINITE_RECURSION = YES;
				CLANG_WARN_INT_CONVERSION = YES;
				CLANG_WARN_NON_LITERAL_NULL_CONVERSION = YES;
				CLANG_WARN_OBJC_IMPLICIT_RETAIN_SELF = YES;
				CLANG_WARN_OBJC_LITERAL_CONVERSION = YES;
				CLANG_WARN_OBJC_ROOT_CLASS = YES_ERROR;
				CLANG_WARN_RANGE_LOOP_ANALYSIS = YES;
				CLANG_WARN_STRICT_PROTOTYPES = YES;
				CLANG_WARN_SUSPICIOUS_MOVE = YES;
				CLANG_WARN_UNGUARDED_AVAILABILITY = YES_AGGRESSIVE;
				CLANG_WARN_UNREACHABLE_CODE = YES;
				CLANG_WARN__DUPLICATE_METHOD_MATCH = YES;
				CODE_SIGN_IDENTITY = "iPhone Developer";
				COPY_PHASE_STRIP = NO;
				DEBUG_INFORMATION_FORMAT = "dwarf-with-dsym";
				ENABLE_NS_ASSERTIONS = NO;
				ENABLE_STRICT_OBJC_MSGSEND = YES;
				GCC_C_LANGUAGE_STANDARD = gnu11;
				GCC_NO_COMMON_BLOCKS = YES;
				GCC_WARN_64_TO_32_BIT_CONVERSION = YES;
				GCC_WARN_ABOUT_RETURN_TYPE = YES_ERROR;
				GCC_WARN_UNDECLARED_SELECTOR = YES;
				GCC_WARN_UNINITIALIZED_AUTOS = YES_AGGRESSIVE;
				GCC_WARN_UNUSED_FUNCTION = YES;
				GCC_WARN_UNUSED_VARIABLE = YES;
				IPHONEOS_DEPLOYMENT_TARGET = 12.1;
				MTL_ENABLE_DEBUG_INFO = NO;
				MTL_FAST_MATH = YES;
				SDKROOT = iphoneos;
				SWIFT_OPTIMIZATION_LEVEL = "-Owholemodule";
				VALIDATE_PRODUCT = YES;
			};
			name = Release;
		};
		C4B4D9C6225C96D700068F0F /* Debug */ = {
			isa = XCBuildConfiguration;
			buildSettings = {
				ASSETCATALOG_COMPILER_APPICON_NAME = AppIcon;
				CODE_SIGN_STYLE = Automatic;
				DEVELOPMENT_TEAM = 4J3523WSNT;
				INFOPLIST_FILE = "C-VIP-S_ArchitectureExample/Info.plist";
				LD_RUNPATH_SEARCH_PATHS = "$(inherited) @executable_path/Frameworks";
				PRODUCT_BUNDLE_IDENTIFIER = "com.kingsleyedemawak.C-VIP-S-ArchitectureExample";
				PRODUCT_NAME = "$(TARGET_NAME)";
				SWIFT_VERSION = 4.2;
				TARGETED_DEVICE_FAMILY = "1,2";
			};
			name = Debug;
		};
		C4B4D9C7225C96D700068F0F /* Release */ = {
			isa = XCBuildConfiguration;
			buildSettings = {
				ASSETCATALOG_COMPILER_APPICON_NAME = AppIcon;
				CODE_SIGN_STYLE = Automatic;
				DEVELOPMENT_TEAM = 4J3523WSNT;
				INFOPLIST_FILE = "C-VIP-S_ArchitectureExample/Info.plist";
				LD_RUNPATH_SEARCH_PATHS = "$(inherited) @executable_path/Frameworks";
				PRODUCT_BUNDLE_IDENTIFIER = "com.kingsleyedemawak.C-VIP-S-ArchitectureExample";
				PRODUCT_NAME = "$(TARGET_NAME)";
				SWIFT_VERSION = 4.2;
				TARGETED_DEVICE_FAMILY = "1,2";
			};
			name = Release;
		};
/* End XCBuildConfiguration section */

/* Begin XCConfigurationList section */
		C4B4D9AE225C96D700068F0F /* Build configuration list for PBXProject "C-VIP-S_ArchitectureExample" */ = {
			isa = XCConfigurationList;
			buildConfigurations = (
				C4B4D9C3225C96D700068F0F /* Debug */,
				C4B4D9C4225C96D700068F0F /* Release */,
			);
			defaultConfigurationIsVisible = 0;
			defaultConfigurationName = Release;
		};
		C4B4D9C5225C96D700068F0F /* Build configuration list for PBXNativeTarget "C-VIP-S_ArchitectureExample" */ = {
			isa = XCConfigurationList;
			buildConfigurations = (
				C4B4D9C6225C96D700068F0F /* Debug */,
				C4B4D9C7225C96D700068F0F /* Release */,
			);
			defaultConfigurationIsVisible = 0;
			defaultConfigurationName = Release;
		};
/* End XCConfigurationList section */
	};
	rootObject = C4B4D9AB225C96D700068F0F /* Project object */;
}
